{
  "nodes": {
    "nixpkgs": {
      "locked": {
        "lastModified": 1676549890,
        "narHash": "sha256-sq/WcOEAl7gWrrfGkWdnyYazRyTf+enEim/o6LOQzI8=",
        "owner": "NixOS",
        "repo": "nixpkgs",
        "rev": "8c66bd1b68f4708c90dcc97c6f7052a5a7b33257",
        "type": "github"
      },
      "original": {
        "id": "nixpkgs",
        "type": "indirect"
      }
    },
    "root": {
      "inputs": {
        "nixpkgs": "nixpkgs"
      }
    }
  },
  "root": "root",
  "version": 7
}
